
Microsoft Visual Studio Solution File, Format Version 12.00
# Visual Studio Version 17
VisualStudioVersion = 17.0.32014.148
MinimumVisualStudioVersion = 10.0.40219.1
Project("{FAE04EC0-301F-11D3-BF4B-00C04F79EFBC}") = "MobileApp.Xamari.UWP", "MobileApp.Xamari\MobileApp.Xamari.UWP\MobileApp.Xamari.UWP.csproj", "{B953CED7-95AF-4612-BC39-02B32A90E5C7}"
EndProject
Project("{FAE04EC0-301F-11D3-BF4B-00C04F79EFBC}") = "MobileApp.Xamari.Android", "MobileApp.Xamari\MobileApp.Xamari.Android\MobileApp.Xamari.Android.csproj", "{D007D719-A5D0-4A74-9E57-59BE9B1CF514}"
EndProject
Project("{FAE04EC0-301F-11D3-BF4B-00C04F79EFBC}") = "MobileApp.Xamari.iOS", "MobileApp.Xamari\MobileApp.Xamari.iOS\MobileApp.Xamari.iOS.csproj", "{D586DCED-4646-4F37-B681-D2A7042D8EB1}"
EndProject
Project("{FAE04EC0-301F-11D3-BF4B-00C04F79EFBC}") = "MobileApp.Xamari", "MobileApp.Xamari\MobileApp.Xamari\MobileApp.Xamari.csproj", "{BE1D7215-81BC-4CA9-AE3C-179127AFB4D8}"
EndProject
Global
	GlobalSection(SolutionConfigurationPlatforms) = preSolution
		Debug|Any CPU = Debug|Any CPU
		Debug|ARM = Debug|ARM
		Debug|iPhone = Debug|iPhone
		Debug|iPhoneSimulator = Debug|iPhoneSimulator
		Debug|x64 = Debug|x64
		Debug|x86 = Debug|x86
		Release|Any CPU = Release|Any CPU
		Release|ARM = Release|ARM
		Release|iPhone = Release|iPhone
		Release|iPhoneSimulator = Release|iPhoneSimulator
		Release|x64 = Release|x64
		Release|x86 = Release|x86
	EndGlobalSection
	GlobalSection(ProjectConfigurationPlatforms) = postSolution
		{B953CED7-95AF-4612-BC39-02B32A90E5C7}.Debug|Any CPU.ActiveCfg = Debug|x64
		{B953CED7-95AF-4612-BC39-02B32A90E5C7}.Debug|Any CPU.Build.0 = Debug|x64
		{B953CED7-95AF-4612-BC39-02B32A90E5C7}.Debug|Any CPU.Deploy.0 = Debug|x64
		{B953CED7-95AF-4612-BC39-02B32A90E5C7}.Debug|ARM.ActiveCfg = Debug|ARM
		{B953CED7-95AF-4612-BC39-02B32A90E5C7}.Debug|ARM.Build.0 = Debug|ARM
		{B953CED7-95AF-4612-BC39-02B32A90E5C7}.Debug|ARM.Deploy.0 = Debug|ARM
		{B953CED7-95AF-4612-BC39-02B32A90E5C7}.Debug|iPhone.ActiveCfg = Debug|x64
		{B953CED7-95AF-4612-BC39-02B32A90E5C7}.Debug|iPhone.Build.0 = Debug|x64
		{B953CED7-95AF-4612-BC39-02B32A90E5C7}.Debug|iPhone.Deploy.0 = Debug|x64
		{B953CED7-95AF-4612-BC39-02B32A90E5C7}.Debug|iPhoneSimulator.ActiveCfg = Debug|x64
		{B953CED7-95AF-4612-BC39-02B32A90E5C7}.Debug|iPhoneSimulator.Build.0 = Debug|x64
		{B953CED7-95AF-4612-BC39-02B32A90E5C7}.Debug|iPhoneSimulator.Deploy.0 = Debug|x64
		{B953CED7-95AF-4612-BC39-02B32A90E5C7}.Debug|x64.ActiveCfg = Debug|x64
		{B953CED7-95AF-4612-BC39-02B32A90E5C7}.Debug|x64.Build.0 = Debug|x64
		{B953CED7-95AF-4612-BC39-02B32A90E5C7}.Debug|x64.Deploy.0 = Debug|x64
		{B953CED7-95AF-4612-BC39-02B32A90E5C7}.Debug|x86.ActiveCfg = Debug|x86
		{B953CED7-95AF-4612-BC39-02B32A90E5C7}.Debug|x86.Build.0 = Debug|x86
		{B953CED7-95AF-4612-BC39-02B32A90E5C7}.Debug|x86.Deploy.0 = Debug|x86
		{B953CED7-95AF-4612-BC39-02B32A90E5C7}.Release|Any CPU.ActiveCfg = Release|x64
		{B953CED7-95AF-4612-BC39-02B32A90E5C7}.Release|Any CPU.Build.0 = Release|x64
		{B953CED7-95AF-4612-BC39-02B32A90E5C7}.Release|Any CPU.Deploy.0 = Release|x64
		{B953CED7-95AF-4612-BC39-02B32A90E5C7}.Release|ARM.ActiveCfg = Release|ARM
		{B953CED7-95AF-4612-BC39-02B32A90E5C7}.Release|ARM.Build.0 = Release|ARM
		{B953CED7-95AF-4612-BC39-02B32A90E5C7}.Release|ARM.Deploy.0 = Release|ARM
		{B953CED7-95AF-4612-BC39-02B32A90E5C7}.Release|iPhone.ActiveCfg = Release|x64
		{B953CED7-95AF-4612-BC39-02B32A90E5C7}.Release|iPhone.Build.0 = Release|x64
		{B953CED7-95AF-4612-BC39-02B32A90E5C7}.Release|iPhone.Deploy.0 = Release|x64
		{B953CED7-95AF-4612-BC39-02B32A90E5C7}.Release|iPhoneSimulator.ActiveCfg = Release|x64
		{B953CED7-95AF-4612-BC39-02B32A90E5C7}.Release|iPhoneSimulator.Build.0 = Release|x64
		{B953CED7-95AF-4612-BC39-02B32A90E5C7}.Release|iPhoneSimulator.Deploy.0 = Release|x64
		{B953CED7-95AF-4612-BC39-02B32A90E5C7}.Release|x64.ActiveCfg = Release|x64
		{B953CED7-95AF-4612-BC39-02B32A90E5C7}.Release|x64.Build.0 = Release|x64
		{B953CED7-95AF-4612-BC39-02B32A90E5C7}.Release|x64.Deploy.0 = Release|x64
		{B953CED7-95AF-4612-BC39-02B32A90E5C7}.Release|x86.ActiveCfg = Release|x86
		{B953CED7-95AF-4612-BC39-02B32A90E5C7}.Release|x86.Build.0 = Release|x86
		{B953CED7-95AF-4612-BC39-02B32A90E5C7}.Release|x86.Deploy.0 = Release|x86
		{D007D719-A5D0-4A74-9E57-59BE9B1CF514}.Debug|Any CPU.ActiveCfg = Debug|Any CPU
		{D007D719-A5D0-4A74-9E57-59BE9B1CF514}.Debug|Any CPU.Build.0 = Debug|Any CPU
		{D007D719-A5D0-4A74-9E57-59BE9B1CF514}.Debug|Any CPU.Deploy.0 = Debug|Any CPU
		{D007D719-A5D0-4A74-9E57-59BE9B1CF514}.Debug|ARM.ActiveCfg = Debug|Any CPU
		{D007D719-A5D0-4A74-9E57-59BE9B1CF514}.Debug|ARM.Build.0 = Debug|Any CPU
		{D007D719-A5D0-4A74-9E57-59BE9B1CF514}.Debug|ARM.Deploy.0 = Debug|Any CPU
		{D007D719-A5D0-4A74-9E57-59BE9B1CF514}.Debug|iPhone.ActiveCfg = Debug|Any CPU
		{D007D719-A5D0-4A74-9E57-59BE9B1CF514}.Debug|iPhone.Build.0 = Debug|Any CPU
		{D007D719-A5D0-4A74-9E57-59BE9B1CF514}.Debug|iPhone.Deploy.0 = Debug|Any CPU
		{D007D719-A5D0-4A74-9E57-59BE9B1CF514}.Debug|iPhoneSimulator.ActiveCfg = Debug|Any CPU
		{D007D719-A5D0-4A74-9E57-59BE9B1CF514}.Debug|iPhoneSimulator.Build.0 = Debug|Any CPU
		{D007D719-A5D0-4A74-9E57-59BE9B1CF514}.Debug|iPhoneSimulator.Deploy.0 = Debug|Any CPU
		{D007D719-A5D0-4A74-9E57-59BE9B1CF514}.Debug|x64.ActiveCfg = Debug|Any CPU
		{D007D719-A5D0-4A74-9E57-59BE9B1CF514}.Debug|x64.Build.0 = Debug|Any CPU
		{D007D719-A5D0-4A74-9E57-59BE9B1CF514}.Debug|x64.Deploy.0 = Debug|Any CPU
		{D007D719-A5D0-4A74-9E57-59BE9B1CF514}.Debug|x86.ActiveCfg = Debug|Any CPU
		{D007D719-A5D0-4A74-9E57-59BE9B1CF514}.Debug|x86.Build.0 = Debug|Any CPU
		{D007D719-A5D0-4A74-9E57-59BE9B1CF514}.Debug|x86.Deploy.0 = Debug|Any CPU
		{D007D719-A5D0-4A74-9E57-59BE9B1CF514}.Release|Any CPU.ActiveCfg = Release|Any CPU
		{D007D719-A5D0-4A74-9E57-59BE9B1CF514}.Release|Any CPU.Build.0 = Release|Any CPU
		{D007D719-A5D0-4A74-9E57-59BE9B1CF514}.Release|Any CPU.Deploy.0 = Release|Any CPU
		{D007D719-A5D0-4A74-9E57-59BE9B1CF514}.Release|ARM.ActiveCfg = Release|Any CPU
		{D007D719-A5D0-4A74-9E57-59BE9B1CF514}.Release|ARM.Build.0 = Release|Any CPU
		{D007D719-A5D0-4A74-9E57-59BE9B1CF514}.Release|ARM.Deploy.0 = Release|Any CPU
		{D007D719-A5D0-4A74-9E57-59BE9B1CF514}.Release|iPhone.ActiveCfg = Release|Any CPU
		{D007D719-A5D0-4A74-9E57-59BE9B1CF514}.Release|iPhone.Build.0 = Release|Any CPU
		{D007D719-A5D0-4A74-9E57-59BE9B1CF514}.Release|iPhone.Deploy.0 = Release|Any CPU
		{D007D719-A5D0-4A74-9E57-59BE9B1CF514}.Release|iPhoneSimulator.ActiveCfg = Release|Any CPU
		{D007D719-A5D0-4A74-9E57-59BE9B1CF514}.Release|iPhoneSimulator.Build.0 = Release|Any CPU
		{D007D719-A5D0-4A74-9E57-59BE9B1CF514}.Release|iPhoneSimulator.Deploy.0 = Release|Any CPU
		{D007D719-A5D0-4A74-9E57-59BE9B1CF514}.Release|x64.ActiveCfg = Release|Any CPU
		{D007D719-A5D0-4A74-9E57-59BE9B1CF514}.Release|x64.Build.0 = Release|Any CPU
		{D007D719-A5D0-4A74-9E57-59BE9B1CF514}.Release|x64.Deploy.0 = Release|Any CPU
		{D007D719-A5D0-4A74-9E57-59BE9B1CF514}.Release|x86.ActiveCfg = Release|Any CPU
		{D007D719-A5D0-4A74-9E57-59BE9B1CF514}.Release|x86.Build.0 = Release|Any CPU
		{D007D719-A5D0-4A74-9E57-59BE9B1CF514}.Release|x86.Deploy.0 = Release|Any CPU
		{D586DCED-4646-4F37-B681-D2A7042D8EB1}.Debug|Any CPU.ActiveCfg = Debug|iPhoneSimulator
		{D586DCED-4646-4F37-B681-D2A7042D8EB1}.Debug|Any CPU.Build.0 = Debug|iPhoneSimulator
		{D586DCED-4646-4F37-B681-D2A7042D8EB1}.Debug|Any CPU.Deploy.0 = Debug|iPhoneSimulator
		{D586DCED-4646-4F37-B681-D2A7042D8EB1}.Debug|ARM.ActiveCfg = Debug|iPhoneSimulator
		{D586DCED-4646-4F37-B681-D2A7042D8EB1}.Debug|ARM.Build.0 = Debug|iPhoneSimulator
		{D586DCED-4646-4F37-B681-D2A7042D8EB1}.Debug|ARM.Deploy.0 = Debug|iPhoneSimulator
		{D586DCED-4646-4F37-B681-D2A7042D8EB1}.Debug|iPhone.ActiveCfg = Debug|iPhone
		{D586DCED-4646-4F37-B681-D2A7042D8EB1}.Debug|iPhone.Build.0 = Debug|iPhone
		{D586DCED-4646-4F37-B681-D2A7042D8EB1}.Debug|iPhone.Deploy.0 = Debug|iPhone
		{D586DCED-4646-4F37-B681-D2A7042D8EB1}.Debug|iPhoneSimulator.ActiveCfg = Debug|iPhoneSimulator
		{D586DCED-4646-4F37-B681-D2A7042D8EB1}.Debug|iPhoneSimulator.Build.0 = Debug|iPhoneSimulator
		{D586DCED-4646-4F37-B681-D2A7042D8EB1}.Debug|iPhoneSimulator.Deploy.0 = Debug|iPhoneSimulator
		{D586DCED-4646-4F37-B681-D2A7042D8EB1}.Debug|x64.ActiveCfg = Debug|iPhone
		{D586DCED-4646-4F37-B681-D2A7042D8EB1}.Debug|x64.Build.0 = Debug|iPhone
		{D586DCED-4646-4F37-B681-D2A7042D8EB1}.Debug|x64.Deploy.0 = Debug|iPhone
		{D586DCED-4646-4F37-B681-D2A7042D8EB1}.Debug|x86.ActiveCfg = Debug|iPhoneSimulator
		{D586DCED-4646-4F37-B681-D2A7042D8EB1}.Debug|x86.Build.0 = Debug|iPhoneSimulator
		{D586DCED-4646-4F37-B681-D2A7042D8EB1}.Debug|x86.Deploy.0 = Debug|iPhoneSimulator
		{D586DCED-4646-4F37-B681-D2A7042D8EB1}.Release|Any CPU.ActiveCfg = Release|iPhoneSimulator
		{D586DCED-4646-4F37-B681-D2A7042D8EB1}.Release|Any CPU.Build.0 = Release|iPhoneSimulator
		{D586DCED-4646-4F37-B681-D2A7042D8EB1}.Release|Any CPU.Deploy.0 = Release|iPhoneSimulator
		{D586DCED-4646-4F37-B681-D2A7042D8EB1}.Release|ARM.ActiveCfg = Release|iPhoneSimulator
		{D586DCED-4646-4F37-B681-D2A7042D8EB1}.Release|ARM.Build.0 = Release|iPhoneSimulator
		{D586DCED-4646-4F37-B681-D2A7042D8EB1}.Release|ARM.Deploy.0 = Release|iPhoneSimulator
		{D586DCED-4646-4F37-B681-D2A7042D8EB1}.Release|iPhone.ActiveCfg = Release|iPhone
		{D586DCED-4646-4F37-B681-D2A7042D8EB1}.Release|iPhone.Build.0 = Release|iPhone
		{D586DCED-4646-4F37-B681-D2A7042D8EB1}.Release|iPhone.Deploy.0 = Release|iPhone
		{D586DCED-4646-4F37-B681-D2A7042D8EB1}.Release|iPhoneSimulator.ActiveCfg = Release|iPhoneSimulator
		{D586DCED-4646-4F37-B681-D2A7042D8EB1}.Release|iPhoneSimulator.Build.0 = Release|iPhoneSimulator
		{D586DCED-4646-4F37-B681-D2A7042D8EB1}.Release|iPhoneSimulator.Deploy.0 = Release|iPhoneSimulator
		{D586DCED-4646-4F37-B681-D2A7042D8EB1}.Release|x64.ActiveCfg = Release|iPhoneSimulator
		{D586DCED-4646-4F37-B681-D2A7042D8EB1}.Release|x64.Build.0 = Release|iPhoneSimulator
		{D586DCED-4646-4F37-B681-D2A7042D8EB1}.Release|x64.Deploy.0 = Release|iPhoneSimulator
		{D586DCED-4646-4F37-B681-D2A7042D8EB1}.Release|x86.ActiveCfg = Release|iPhoneSimulator
		{D586DCED-4646-4F37-B681-D2A7042D8EB1}.Release|x86.Build.0 = Release|iPhoneSimulator
		{D586DCED-4646-4F37-B681-D2A7042D8EB1}.Release|x86.Deploy.0 = Release|iPhoneSimulator
		{BE1D7215-81BC-4CA9-AE3C-179127AFB4D8}.Debug|Any CPU.ActiveCfg = Debug|Any CPU
		{BE1D7215-81BC-4CA9-AE3C-179127AFB4D8}.Debug|Any CPU.Build.0 = Debug|Any CPU
		{BE1D7215-81BC-4CA9-AE3C-179127AFB4D8}.Debug|Any CPU.Deploy.0 = Debug|Any CPU
		{BE1D7215-81BC-4CA9-AE3C-179127AFB4D8}.Debug|ARM.ActiveCfg = Debug|Any CPU
		{BE1D7215-81BC-4CA9-AE3C-179127AFB4D8}.Debug|ARM.Build.0 = Debug|Any CPU
		{BE1D7215-81BC-4CA9-AE3C-179127AFB4D8}.Debug|ARM.Deploy.0 = Debug|Any CPU
		{BE1D7215-81BC-4CA9-AE3C-179127AFB4D8}.Debug|iPhone.ActiveCfg = Debug|Any CPU
		{BE1D7215-81BC-4CA9-AE3C-179127AFB4D8}.Debug|iPhone.Build.0 = Debug|Any CPU
		{BE1D7215-81BC-4CA9-AE3C-179127AFB4D8}.Debug|iPhone.Deploy.0 = Debug|Any CPU
		{BE1D7215-81BC-4CA9-AE3C-179127AFB4D8}.Debug|iPhoneSimulator.ActiveCfg = Debug|Any CPU
		{BE1D7215-81BC-4CA9-AE3C-179127AFB4D8}.Debug|iPhoneSimulator.Build.0 = Debug|Any CPU
		{BE1D7215-81BC-4CA9-AE3C-179127AFB4D8}.Debug|iPhoneSimulator.Deploy.0 = Debug|Any CPU
		{BE1D7215-81BC-4CA9-AE3C-179127AFB4D8}.Debug|x64.ActiveCfg = Debug|Any CPU
		{BE1D7215-81BC-4CA9-AE3C-179127AFB4D8}.Debug|x64.Build.0 = Debug|Any CPU
		{BE1D7215-81BC-4CA9-AE3C-179127AFB4D8}.Debug|x64.Deploy.0 = Debug|Any CPU
		{BE1D7215-81BC-4CA9-AE3C-179127AFB4D8}.Debug|x86.ActiveCfg = Debug|Any CPU
		{BE1D7215-81BC-4CA9-AE3C-179127AFB4D8}.Debug|x86.Build.0 = Debug|Any CPU
		{BE1D7215-81BC-4CA9-AE3C-179127AFB4D8}.Debug|x86.Deploy.0 = Debug|Any CPU
		{BE1D7215-81BC-4CA9-AE3C-179127AFB4D8}.Release|Any CPU.ActiveCfg = Release|Any CPU
		{BE1D7215-81BC-4CA9-AE3C-179127AFB4D8}.Release|Any CPU.Build.0 = Release|Any CPU
		{BE1D7215-81BC-4CA9-AE3C-179127AFB4D8}.Release|Any CPU.Deploy.0 = Release|Any CPU
		{BE1D7215-81BC-4CA9-AE3C-179127AFB4D8}.Release|ARM.ActiveCfg = Release|Any CPU
		{BE1D7215-81BC-4CA9-AE3C-179127AFB4D8}.Release|ARM.Build.0 = Release|Any CPU
		{BE1D7215-81BC-4CA9-AE3C-179127AFB4D8}.Release|ARM.Deploy.0 = Release|Any CPU
		{BE1D7215-81BC-4CA9-AE3C-179127AFB4D8}.Release|iPhone.ActiveCfg = Release|Any CPU
		{BE1D7215-81BC-4CA9-AE3C-179127AFB4D8}.Release|iPhone.Build.0 = Release|Any CPU
		{BE1D7215-81BC-4CA9-AE3C-179127AFB4D8}.Release|iPhone.Deploy.0 = Release|Any CPU
		{BE1D7215-81BC-4CA9-AE3C-179127AFB4D8}.Release|iPhoneSimulator.ActiveCfg = Release|Any CPU
		{BE1D7215-81BC-4CA9-AE3C-179127AFB4D8}.Release|iPhoneSimulator.Build.0 = Release|Any CPU
		{BE1D7215-81BC-4CA9-AE3C-179127AFB4D8}.Release|iPhoneSimulator.Deploy.0 = Release|Any CPU
		{BE1D7215-81BC-4CA9-AE3C-179127AFB4D8}.Release|x64.ActiveCfg = Release|Any CPU
		{BE1D7215-81BC-4CA9-AE3C-179127AFB4D8}.Release|x64.Build.0 = Release|Any CPU
		{BE1D7215-81BC-4CA9-AE3C-179127AFB4D8}.Release|x64.Deploy.0 = Release|Any CPU
		{BE1D7215-81BC-4CA9-AE3C-179127AFB4D8}.Release|x86.ActiveCfg = Release|Any CPU
		{BE1D7215-81BC-4CA9-AE3C-179127AFB4D8}.Release|x86.Build.0 = Release|Any CPU
		{BE1D7215-81BC-4CA9-AE3C-179127AFB4D8}.Release|x86.Deploy.0 = Release|Any CPU
	EndGlobalSection
	GlobalSection(SolutionProperties) = preSolution
		HideSolutionNode = FALSE
	EndGlobalSection
	GlobalSection(ExtensibilityGlobals) = postSolution
		SolutionGuid = {6EA0CDE7-ECFF-49D6-B6D5-407D703D41E0}
	EndGlobalSection
EndGlobal
