
Microsoft Visual Studio Solution File, Format Version 12.00
# Visual Studio Version 17
VisualStudioVersion = 17.0.32014.148
MinimumVisualStudioVersion = 10.0.40219.1
Project("{FAE04EC0-301F-11D3-BF4B-00C04F79EFBC}") = "BlazorApp1.Server", "BlazorApp1\Server\BlazorApp1.Server.csproj", "{7A1AAD2A-4861-487F-8EC3-A821FCFF3D2E}"
EndProject
Project("{FAE04EC0-301F-11D3-BF4B-00C04F79EFBC}") = "BlazorApp1.Client", "BlazorApp1\Client\BlazorApp1.Client.csproj", "{A22ECAAD-D090-44CE-BA7A-BA8ACF6B7665}"
EndProject
Project("{FAE04EC0-301F-11D3-BF4B-00C04F79EFBC}") = "BlazorApp1.Shared", "BlazorApp1\Shared\BlazorApp1.Shared.csproj", "{39C7A5C0-A630-40A0-B6EF-1FB601BE0140}"
EndProject
Global
	GlobalSection(SolutionConfigurationPlatforms) = preSolution
		Debug|Any CPU = Debug|Any CPU
		Release|Any CPU = Release|Any CPU
	EndGlobalSection
	GlobalSection(ProjectConfigurationPlatforms) = postSolution
		{7A1AAD2A-4861-487F-8EC3-A821FCFF3D2E}.Debug|Any CPU.ActiveCfg = Debug|Any CPU
		{7A1AAD2A-4861-487F-8EC3-A821FCFF3D2E}.Debug|Any CPU.Build.0 = Debug|Any CPU
		{7A1AAD2A-4861-487F-8EC3-A821FCFF3D2E}.Release|Any CPU.ActiveCfg = Release|Any CPU
		{7A1AAD2A-4861-487F-8EC3-A821FCFF3D2E}.Release|Any CPU.Build.0 = Release|Any CPU
		{A22ECAAD-D090-44CE-BA7A-BA8ACF6B7665}.Debug|Any CPU.ActiveCfg = Debug|Any CPU
		{A22ECAAD-D090-44CE-BA7A-BA8ACF6B7665}.Debug|Any CPU.Build.0 = Debug|Any CPU
		{A22ECAAD-D090-44CE-BA7A-BA8ACF6B7665}.Release|Any CPU.ActiveCfg = Release|Any CPU
		{A22ECAAD-D090-44CE-BA7A-BA8ACF6B7665}.Release|Any CPU.Build.0 = Release|Any CPU
		{39C7A5C0-A630-40A0-B6EF-1FB601BE0140}.Debug|Any CPU.ActiveCfg = Debug|Any CPU
		{39C7A5C0-A630-40A0-B6EF-1FB601BE0140}.Debug|Any CPU.Build.0 = Debug|Any CPU
		{39C7A5C0-A630-40A0-B6EF-1FB601BE0140}.Release|Any CPU.ActiveCfg = Release|Any CPU
		{39C7A5C0-A630-40A0-B6EF-1FB601BE0140}.Release|Any CPU.Build.0 = Release|Any CPU
	EndGlobalSection
	GlobalSection(SolutionProperties) = preSolution
		HideSolutionNode = FALSE
	EndGlobalSection
	GlobalSection(ExtensibilityGlobals) = postSolution
		SolutionGuid = {513452C7-DB87-4F7D-8836-5DDBA0E9CB8B}
	EndGlobalSection
EndGlobal
