
Microsoft Visual Studio Solution File, Format Version 12.00
# Visual Studio Version 17
VisualStudioVersion = 17.0.32014.148
MinimumVisualStudioVersion = 10.0.40219.1
Project("{FAE04EC0-301F-11D3-BF4B-00C04F79EFBC}") = "ClassLibrary1project", "ClassLibrary1project\ClassLibrary1project.csproj", "{BDE10EC5-686A-49B9-A4FB-8CBC0912466E}"
EndProject
Global
	GlobalSection(SolutionConfigurationPlatforms) = preSolution
		Debug|Any CPU = Debug|Any CPU
		Release|Any CPU = Release|Any CPU
	EndGlobalSection
	GlobalSection(ProjectConfigurationPlatforms) = postSolution
		{BDE10EC5-686A-49B9-A4FB-8CBC0912466E}.Debug|Any CPU.ActiveCfg = Debug|Any CPU
		{BDE10EC5-686A-49B9-A4FB-8CBC0912466E}.Debug|Any CPU.Build.0 = Debug|Any CPU
		{BDE10EC5-686A-49B9-A4FB-8CBC0912466E}.Release|Any CPU.ActiveCfg = Release|Any CPU
		{BDE10EC5-686A-49B9-A4FB-8CBC0912466E}.Release|Any CPU.Build.0 = Release|Any CPU
	EndGlobalSection
	GlobalSection(SolutionProperties) = preSolution
		HideSolutionNode = FALSE
	EndGlobalSection
	GlobalSection(ExtensibilityGlobals) = postSolution
		SolutionGuid = {98148C64-7351-4116-9377-EA00A30968E3}
	EndGlobalSection
EndGlobal
