
Microsoft Visual Studio Solution File, Format Version 12.00
# Visual Studio Version 17
VisualStudioVersion = 17.0.32014.148
MinimumVisualStudioVersion = 10.0.40219.1
Project("{FAE04EC0-301F-11D3-BF4B-00C04F79EFBC}") = "ReactJsProject1", "ReactJsProject1\ReactJsProject1.csproj", "{DA178783-2048-4A67-8C6E-51CA2DF7799F}"
EndProject
Global
	GlobalSection(SolutionConfigurationPlatforms) = preSolution
		Debug|Any CPU = Debug|Any CPU
		Release|Any CPU = Release|Any CPU
	EndGlobalSection
	GlobalSection(ProjectConfigurationPlatforms) = postSolution
		{DA178783-2048-4A67-8C6E-51CA2DF7799F}.Debug|Any CPU.ActiveCfg = Debug|Any CPU
		{DA178783-2048-4A67-8C6E-51CA2DF7799F}.Debug|Any CPU.Build.0 = Debug|Any CPU
		{DA178783-2048-4A67-8C6E-51CA2DF7799F}.Release|Any CPU.ActiveCfg = Release|Any CPU
		{DA178783-2048-4A67-8C6E-51CA2DF7799F}.Release|Any CPU.Build.0 = Release|Any CPU
	EndGlobalSection
	GlobalSection(SolutionProperties) = preSolution
		HideSolutionNode = FALSE
	EndGlobalSection
	GlobalSection(ExtensibilityGlobals) = postSolution
		SolutionGuid = {3EB3625A-0C14-44E0-A318-750E48EA0E60}
	EndGlobalSection
EndGlobal
