Microsoft Visual Studio Solution File, Format Version 12.00
# Visual Studio Version 17
VisualStudioVersion = 17.11.35222.181
MinimumVisualStudioVersion = 10.0.40219.1
Project("{FAE04EC0-301F-11D3-BF4B-00C04F79EFBC}") = "AspireApp1.AppHost", "AspireApp1.AppHost\AspireApp1.AppHost.csproj", "{A031E307-0BAB-4A53-9278-6CF156D08DCF}"
EndProject
Project("{9A19103F-16F7-4668-BE54-9A1E7A4F7556}") = "AspireApp1.ServiceDefaults", "AspireApp1.ServiceDefaults\AspireApp1.ServiceDefaults.csproj", "{E15EC7E8-9BDF-477C-8A53-629A7042F35F}"
EndProject
Project("{9A19103F-16F7-4668-BE54-9A1E7A4F7556}") = "AspireApp1.ApiService", "AspireApp1.ApiService\AspireApp1.ApiService.csproj", "{B875BCC6-154C-4DE5-8CE2-35251F7C2320}"
EndProject
Project("{9A19103F-16F7-4668-BE54-9A1E7A4F7556}") = "AspireApp1.Web", "AspireApp1.Web\AspireApp1.Web.csproj", "{878A459B-2942-482C-B2B4-DAA93CEE04AD}"
EndProject
Global
	GlobalSection(SolutionConfigurationPlatforms) = preSolution
		Debug|Any CPU = Debug|Any CPU
		Release|Any CPU = Release|Any CPU
	EndGlobalSection
	GlobalSection(ProjectConfigurationPlatforms) = postSolution
		{A031E307-0BAB-4A53-9278-6CF156D08DCF}.Debug|Any CPU.ActiveCfg = Debug|Any CPU
		{A031E307-0BAB-4A53-9278-6CF156D08DCF}.Debug|Any CPU.Build.0 = Debug|Any CPU
		{A031E307-0BAB-4A53-9278-6CF156D08DCF}.Release|Any CPU.ActiveCfg = Release|Any CPU
		{A031E307-0BAB-4A53-9278-6CF156D08DCF}.Release|Any CPU.Build.0 = Release|Any CPU
		{E15EC7E8-9BDF-477C-8A53-629A7042F35F}.Debug|Any CPU.ActiveCfg = Debug|Any CPU
		{E15EC7E8-9BDF-477C-8A53-629A7042F35F}.Debug|Any CPU.Build.0 = Debug|Any CPU
		{E15EC7E8-9BDF-477C-8A53-629A7042F35F}.Release|Any CPU.ActiveCfg = Release|Any CPU
		{E15EC7E8-9BDF-477C-8A53-629A7042F35F}.Release|Any CPU.Build.0 = Release|Any CPU
		{B875BCC6-154C-4DE5-8CE2-35251F7C2320}.Debug|Any CPU.ActiveCfg = Debug|Any CPU
		{B875BCC6-154C-4DE5-8CE2-35251F7C2320}.Debug|Any CPU.Build.0 = Debug|Any CPU
		{B875BCC6-154C-4DE5-8CE2-35251F7C2320}.Release|Any CPU.ActiveCfg = Release|Any CPU
		{B875BCC6-154C-4DE5-8CE2-35251F7C2320}.Release|Any CPU.Build.0 = Release|Any CPU
		{878A459B-2942-482C-B2B4-DAA93CEE04AD}.Debug|Any CPU.ActiveCfg = Debug|Any CPU
		{878A459B-2942-482C-B2B4-DAA93CEE04AD}.Debug|Any CPU.Build.0 = Debug|Any CPU
		{878A459B-2942-482C-B2B4-DAA93CEE04AD}.Release|Any CPU.ActiveCfg = Release|Any CPU
		{878A459B-2942-482C-B2B4-DAA93CEE04AD}.Release|Any CPU.Build.0 = Release|Any CPU
	EndGlobalSection
	GlobalSection(SolutionProperties) = preSolution
		HideSolutionNode = FALSE
	EndGlobalSection
	GlobalSection(ExtensibilityGlobals) = postSolution
		SolutionGuid = {6A98F985-FAF6-417C-A783-5A912ED1B1E9}
	EndGlobalSection
EndGlobal
