
Microsoft Visual Studio Solution File, Format Version 12.00
# Visual Studio Version 17
VisualStudioVersion = 17.0.32014.148
MinimumVisualStudioVersion = 10.0.40219.1
Project("{FAE04EC0-301F-11D3-BF4B-00C04F79EFBC}") = "WebAPIProject", "WebAPIProject\WebAPIProject.csproj", "{26B2F8C1-FB0D-4E03-AF67-63864BDB67B8}"
EndProject
Global
	GlobalSection(SolutionConfigurationPlatforms) = preSolution
		Debug|Any CPU = Debug|Any CPU
		Release|Any CPU = Release|Any CPU
	EndGlobalSection
	GlobalSection(ProjectConfigurationPlatforms) = postSolution
		{26B2F8C1-FB0D-4E03-AF67-63864BDB67B8}.Debug|Any CPU.ActiveCfg = Debug|Any CPU
		{26B2F8C1-FB0D-4E03-AF67-63864BDB67B8}.Debug|Any CPU.Build.0 = Debug|Any CPU
		{26B2F8C1-FB0D-4E03-AF67-63864BDB67B8}.Release|Any CPU.ActiveCfg = Release|Any CPU
		{26B2F8C1-FB0D-4E03-AF67-63864BDB67B8}.Release|Any CPU.Build.0 = Release|Any CPU
	EndGlobalSection
	GlobalSection(SolutionProperties) = preSolution
		HideSolutionNode = FALSE
	EndGlobalSection
	GlobalSection(ExtensibilityGlobals) = postSolution
		SolutionGuid = {EB6D11F7-12A7-4D26-815D-BD08CE55B60A}
	EndGlobalSection
EndGlobal
