
Microsoft Visual Studio Solution File, Format Version 12.00
# Visual Studio Version 17
VisualStudioVersion = 17.0.32014.148
MinimumVisualStudioVersion = 10.0.40219.1
Project("{FAE04EC0-301F-11D3-BF4B-00C04F79EFBC}") = "WorkerService1", "WorkerService1\WorkerService1.csproj", "{AF424F17-78DC-43A1-853E-FAA4C598ADF2}"
EndProject
Global
	GlobalSection(SolutionConfigurationPlatforms) = preSolution
		Debug|Any CPU = Debug|Any CPU
		Release|Any CPU = Release|Any CPU
	EndGlobalSection
	GlobalSection(ProjectConfigurationPlatforms) = postSolution
		{AF424F17-78DC-43A1-853E-FAA4C598ADF2}.Debug|Any CPU.ActiveCfg = Debug|Any CPU
		{AF424F17-78DC-43A1-853E-FAA4C598ADF2}.Debug|Any CPU.Build.0 = Debug|Any CPU
		{AF424F17-78DC-43A1-853E-FAA4C598ADF2}.Release|Any CPU.ActiveCfg = Release|Any CPU
		{AF424F17-78DC-43A1-853E-FAA4C598ADF2}.Release|Any CPU.Build.0 = Release|Any CPU
	EndGlobalSection
	GlobalSection(SolutionProperties) = preSolution
		HideSolutionNode = FALSE
	EndGlobalSection
	GlobalSection(ExtensibilityGlobals) = postSolution
		SolutionGuid = {F3C333D9-4622-42D0-8EAB-196CA50C2F5A}
	EndGlobalSection
EndGlobal
