
Microsoft Visual Studio Solution File, Format Version 12.00
# Visual Studio Version 17
VisualStudioVersion = 17.0.32014.148
MinimumVisualStudioVersion = 10.0.40219.1
Project("{FAE04EC0-301F-11D3-BF4B-00C04F79EFBC}") = "WpfUserControlLibrary1", "WpfUserControlLibrary1\WpfUserControlLibrary1.csproj", "{F7F1AD1A-DA58-4377-A2CF-6CFFE7672BF0}"
EndProject
Global
	GlobalSection(SolutionConfigurationPlatforms) = preSolution
		Debug|Any CPU = Debug|Any CPU
		Release|Any CPU = Release|Any CPU
	EndGlobalSection
	GlobalSection(ProjectConfigurationPlatforms) = postSolution
		{F7F1AD1A-DA58-4377-A2CF-6CFFE7672BF0}.Debug|Any CPU.ActiveCfg = Debug|Any CPU
		{F7F1AD1A-DA58-4377-A2CF-6CFFE7672BF0}.Debug|Any CPU.Build.0 = Debug|Any CPU
		{F7F1AD1A-DA58-4377-A2CF-6CFFE7672BF0}.Release|Any CPU.ActiveCfg = Release|Any CPU
		{F7F1AD1A-DA58-4377-A2CF-6CFFE7672BF0}.Release|Any CPU.Build.0 = Release|Any CPU
	EndGlobalSection
	GlobalSection(SolutionProperties) = preSolution
		HideSolutionNode = FALSE
	EndGlobalSection
	GlobalSection(ExtensibilityGlobals) = postSolution
		SolutionGuid = {A757E2C1-A31C-4DAB-8D9E-52DD90164892}
	EndGlobalSection
EndGlobal
