
Microsoft Visual Studio Solution File, Format Version 12.00
# Visual Studio Version 17
VisualStudioVersion = 17.0.32014.148
MinimumVisualStudioVersion = 10.0.40219.1
Project("{FAE04EC0-301F-11D3-BF4B-00C04F79EFBC}") = "AndroidApp", "AndroidApp\AndroidApp.csproj", "{0D48C49D-30CB-429F-A43A-5CE76941FF07}"
EndProject
Global
	GlobalSection(SolutionConfigurationPlatforms) = preSolution
		Debug|Any CPU = Debug|Any CPU
		Release|Any CPU = Release|Any CPU
	EndGlobalSection
	GlobalSection(ProjectConfigurationPlatforms) = postSolution
		{0D48C49D-30CB-429F-A43A-5CE76941FF07}.Debug|Any CPU.ActiveCfg = Debug|Any CPU
		{0D48C49D-30CB-429F-A43A-5CE76941FF07}.Debug|Any CPU.Build.0 = Debug|Any CPU
		{0D48C49D-30CB-429F-A43A-5CE76941FF07}.Debug|Any CPU.Deploy.0 = Debug|Any CPU
		{0D48C49D-30CB-429F-A43A-5CE76941FF07}.Release|Any CPU.ActiveCfg = Release|Any CPU
		{0D48C49D-30CB-429F-A43A-5CE76941FF07}.Release|Any CPU.Build.0 = Release|Any CPU
		{0D48C49D-30CB-429F-A43A-5CE76941FF07}.Release|Any CPU.Deploy.0 = Release|Any CPU
	EndGlobalSection
	GlobalSection(SolutionProperties) = preSolution
		HideSolutionNode = FALSE
	EndGlobalSection
	GlobalSection(ExtensibilityGlobals) = postSolution
		SolutionGuid = {79C5B6B6-B96E-4CC9-8A0F-75C656064EFD}
	EndGlobalSection
EndGlobal
